
Microsoft Visual Studio Solution File, Format Version 12.00
# Visual Studio Version 16
VisualStudioVersion = 16.0.30717.126
MinimumVisualStudioVersion = 10.0.40219.1
Project("{9A19103F-16F7-4668-BE54-9A1E7A4F7556}") = "Lesson3_homework", "Lesson3_homework\Lesson3_homework.csproj", "{E34EBE36-C2BB-4E47-B456-E303631C8423}"
EndProject
Global
	GlobalSection(SolutionConfigurationPlatforms) = preSolution
		Debug|Any CPU = Debug|Any CPU
		Release|Any CPU = Release|Any CPU
	EndGlobalSection
	GlobalSection(ProjectConfigurationPlatforms) = postSolution
		{E34EBE36-C2BB-4E47-B456-E303631C8423}.Debug|Any CPU.ActiveCfg = Debug|Any CPU
		{E34EBE36-C2BB-4E47-B456-E303631C8423}.Debug|Any CPU.Build.0 = Debug|Any CPU
		{E34EBE36-C2BB-4E47-B456-E303631C8423}.Release|Any CPU.ActiveCfg = Release|Any CPU
		{E34EBE36-C2BB-4E47-B456-E303631C8423}.Release|Any CPU.Build.0 = Release|Any CPU
	EndGlobalSection
	GlobalSection(SolutionProperties) = preSolution
		HideSolutionNode = FALSE
	EndGlobalSection
	GlobalSection(ExtensibilityGlobals) = postSolution
		SolutionGuid = {3306E8AD-33A3-47C9-A685-EBAAA94FAFE1}
	EndGlobalSection
EndGlobal
